
Microsoft Visual Studio Solution File, Format Version 12.00
# Visual Studio Version 17
VisualStudioVersion = 17.9.34902.65
MinimumVisualStudioVersion = 10.0.40219.1
Project("{FAE04EC0-301F-11D3-BF4B-00C04F79EFBC}") = "Remembr", "Remembr\Remembr.csproj", "{E52DC1EF-2041-495A-AE91-7246166228A7}"
EndProject
Global
	GlobalSection(SolutionConfigurationPlatforms) = preSolution
		Debug|Any CPU = Debug|Any CPU
		Release|Any CPU = Release|Any CPU
	EndGlobalSection
	GlobalSection(ProjectConfigurationPlatforms) = postSolution
		{E52DC1EF-2041-495A-AE91-7246166228A7}.Debug|Any CPU.ActiveCfg = Debug|Any CPU
		{E52DC1EF-2041-495A-AE91-7246166228A7}.Debug|Any CPU.Build.0 = Debug|Any CPU
		{E52DC1EF-2041-495A-AE91-7246166228A7}.Release|Any CPU.ActiveCfg = Release|Any CPU
		{E52DC1EF-2041-495A-AE91-7246166228A7}.Release|Any CPU.Build.0 = Release|Any CPU
	EndGlobalSection
	GlobalSection(SolutionProperties) = preSolution
		HideSolutionNode = FALSE
	EndGlobalSection
	GlobalSection(ExtensibilityGlobals) = postSolution
		SolutionGuid = {D6F4CC12-6806-4FB8-A1CE-3A5D3E8C14A5}
	EndGlobalSection
EndGlobal
